{
  "name": "maxdoors_erp",
  "lockfileVersion": 3,
  "requires": true,
  "packages": {
    "": {
      "dependencies": {
        "pocketbase": "^0.26.2"
      }
    },
    "node_modules/pocketbase": {
      "version": "0.26.2",
      "resolved": "https://registry.npmjs.org/pocketbase/-/pocketbase-0.26.2.tgz",
      "integrity": "sha512-WA8EOBc3QnSJh8rJ3iYoi9DmmPOMFIgVfAmIGux7wwruUEIzXgvrO4u0W2htfQjGIcyezJkdZOy5Xmh7SxAftw==",
      "license": "MIT"
    }
  }
}
